
Microsoft Visual Studio Solution File, Format Version 12.00
# Visual Studio Version 17
VisualStudioVersion = 17.4.33403.182
MinimumVisualStudioVersion = 10.0.40219.1
Project("{FAE04EC0-301F-11D3-BF4B-00C04F79EFBC}") = "19100041_DaeheonKim", "19100041_DaeheonKim\19100041_DaeheonKim.csproj", "{C64B3735-B6AF-4FB3-9FC9-BB2E718570BF}"
EndProject
Global
	GlobalSection(SolutionConfigurationPlatforms) = preSolution
		Debug|Any CPU = Debug|Any CPU
		Release|Any CPU = Release|Any CPU
	EndGlobalSection
	GlobalSection(ProjectConfigurationPlatforms) = postSolution
		{C64B3735-B6AF-4FB3-9FC9-BB2E718570BF}.Debug|Any CPU.ActiveCfg = Debug|Any CPU
		{C64B3735-B6AF-4FB3-9FC9-BB2E718570BF}.Debug|Any CPU.Build.0 = Debug|Any CPU
		{C64B3735-B6AF-4FB3-9FC9-BB2E718570BF}.Release|Any CPU.ActiveCfg = Release|Any CPU
		{C64B3735-B6AF-4FB3-9FC9-BB2E718570BF}.Release|Any CPU.Build.0 = Release|Any CPU
	EndGlobalSection
	GlobalSection(SolutionProperties) = preSolution
		HideSolutionNode = FALSE
	EndGlobalSection
	GlobalSection(ExtensibilityGlobals) = postSolution
		SolutionGuid = {8670A087-7BCE-4341-957B-A0FF90D7E63D}
	EndGlobalSection
EndGlobal
