
Microsoft Visual Studio Solution File, Format Version 12.00
# Visual Studio Version 17
VisualStudioVersion = 17.4.33403.182
MinimumVisualStudioVersion = 10.0.40219.1
Project("{FAE04EC0-301F-11D3-BF4B-00C04F79EFBC}") = "19100041_DaeheonKim", "19100041_DaeheonKim.csproj", "{3E60B744-B35E-460F-A53E-DFAE6FEE3D99}"
EndProject
Global
	GlobalSection(SolutionConfigurationPlatforms) = preSolution
		Debug|Any CPU = Debug|Any CPU
		Release|Any CPU = Release|Any CPU
	EndGlobalSection
	GlobalSection(ProjectConfigurationPlatforms) = postSolution
		{3E60B744-B35E-460F-A53E-DFAE6FEE3D99}.Debug|Any CPU.ActiveCfg = Debug|Any CPU
		{3E60B744-B35E-460F-A53E-DFAE6FEE3D99}.Debug|Any CPU.Build.0 = Debug|Any CPU
		{3E60B744-B35E-460F-A53E-DFAE6FEE3D99}.Release|Any CPU.ActiveCfg = Release|Any CPU
		{3E60B744-B35E-460F-A53E-DFAE6FEE3D99}.Release|Any CPU.Build.0 = Release|Any CPU
	EndGlobalSection
	GlobalSection(SolutionProperties) = preSolution
		HideSolutionNode = FALSE
	EndGlobalSection
	GlobalSection(ExtensibilityGlobals) = postSolution
		SolutionGuid = {A18DD025-09E0-4388-8589-06D44DA39D6A}
	EndGlobalSection
EndGlobal
