
Microsoft Visual Studio Solution File, Format Version 12.00
# Visual Studio Version 17
VisualStudioVersion = 17.5.33424.131
MinimumVisualStudioVersion = 10.0.40219.1
Project("{FAE04EC0-301F-11D3-BF4B-00C04F79EFBC}") = "Linked", "Linked\Linked.csproj", "{CA56EE0F-D1F7-4B47-82D7-5CAA54B2A67A}"
EndProject
Global
	GlobalSection(SolutionConfigurationPlatforms) = preSolution
		Debug|Any CPU = Debug|Any CPU
		Release|Any CPU = Release|Any CPU
	EndGlobalSection
	GlobalSection(ProjectConfigurationPlatforms) = postSolution
		{CA56EE0F-D1F7-4B47-82D7-5CAA54B2A67A}.Debug|Any CPU.ActiveCfg = Debug|Any CPU
		{CA56EE0F-D1F7-4B47-82D7-5CAA54B2A67A}.Debug|Any CPU.Build.0 = Debug|Any CPU
		{CA56EE0F-D1F7-4B47-82D7-5CAA54B2A67A}.Release|Any CPU.ActiveCfg = Release|Any CPU
		{CA56EE0F-D1F7-4B47-82D7-5CAA54B2A67A}.Release|Any CPU.Build.0 = Release|Any CPU
	EndGlobalSection
	GlobalSection(SolutionProperties) = preSolution
		HideSolutionNode = FALSE
	EndGlobalSection
	GlobalSection(ExtensibilityGlobals) = postSolution
		SolutionGuid = {4F9E5C98-49C3-421C-B529-9B019628A97B}
	EndGlobalSection
EndGlobal
